<?xml version="1.0" encoding="UTF-8" standalone="yes" ?>
<CodeBlocks_project_file>
	<FileVersion major="1" minor="6" />
	<Project>
		<Option title="Zatochka" />
		<Option pch_mode="2" />
		<Option compiler="gcc" />
		<Option show_notes="0">
			<notes>
				<![CDATA[Введите предметы для заточки.
Предмет № 1 или выход (q):
    //0 - WEAPON, 1 - SHLEM, 2 - NAKIDKA, 3 - BRIDGY, 4 - SAPOGI, 5 - PLASCH, 6 - OZHERELYE, 7 - POYAS, 8 - RING
    0 - Оружие, 1 - Шлем, 2 - Накидка, 3 - Бриджи, 4 - Сапоги, 5 - Плащ, 6 - Ожерелье, 7 - Пояс, 8 - Кольцо
0
Введите название оружия:
Кастеты с лезвиями

Предмет № 2 или выход (q):
    //0 - WEAPON, 1 - SHLEM, 2 - NAKIDKA, 3 - BRIDGY, 4 - SAPOGI, 5 - PLASCH, 6 - OZHERELYE, 7 - POYAS, 8 - RING
    0 - Оружие, 1 - Шлем, 2 - Накидка, 3 - Бриджи, 4 - Сапоги, 5 - Плащ, 6 - Ожерелье, 7 - Пояс, 8 - Кольцо
0
Введите название оружия:
Кастеты с лезвиями

...

Предмет № N или выход (q):
q

Все предметы введены. Показать список всех предметов (p) или начать заточку (r).
p
Предмет №   Категория   Описание            Заточка     Миражей     Небесок     Подземок    Мирозданок
0           Оружие      Кастеты с лезвием   +0          0           0           0           0
1           Оружие      Кастеты с лезвием   +0          0           0           0           0

Все предметы введены. Показать список всех предметов (p) или начать заточку (r).
r

Введите порядковый номер предмета для заточки или вывести список всех предметов (p):
0

Использовать:
    0 - Ничего, 1 - Небеску, 2 - Подземку, 3 - Мирозданку
0

Улучшение прошло успешно!
Предмет №   Категория   Описание            Заточка     Миражей     Небесок     Подземок    Мирозданок
0           Оружие      Кастеты с лезвием   +1          2           0           0           0

Продолжить заточку (r) или выход (q)?
r

Введите порядковый номер предмета для заточки или вывести список всех предметов (p):
1

Использовать:
    0 - Ничего, 1 - Небеску, 2 - Подземку, 3 - Мирозданку
1

Улучшение прошло успешно!
Предмет №   Категория   Описание            Заточка     Миражей     Небесок     Подземок    Мирозданок
1           Оружие      Кастеты с лезвием   +1          2           1           0           0

Продолжить заточку (r) или выход (q)?
q

Результаты заточки.
Предмет №   Категория   Описание            Заточка     Миражей     Небесок     Подземок    Мирозданок
0           Оружие      Кастеты с лезвием   +1          2           0           0           0
1           Оружие      Кастеты с лезвием   +1          2           1           0           0

Всего                                                   4           1           0           0]]>
			</notes>
		</Option>
		<Build>
			<Target title="Debug">
				<Option output="bin/Debug/Zatochka" prefix_auto="1" extension_auto="1" />
				<Option object_output="obj/Debug/" />
				<Option type="1" />
				<Option compiler="gcc" />
				<Compiler>
					<Add option="-g" />
				</Compiler>
			</Target>
			<Target title="Release">
				<Option output="bin/Release/Zatochka" prefix_auto="1" extension_auto="1" />
				<Option object_output="obj/Release/" />
				<Option type="1" />
				<Option compiler="gcc" />
				<Compiler>
					<Add option="-O2" />
				</Compiler>
				<Linker>
					<Add option="-s" />
				</Linker>
			</Target>
		</Build>
		<Compiler>
			<Add option="-Wall" />
			<Add option="-fexceptions" />
		</Compiler>
		<Unit filename="include/bridgy.h" />
		<Unit filename="include/kuznitsa.h" />
		<Unit filename="include/matematika.h" />
		<Unit filename="include/nakidka.h" />
		<Unit filename="include/naruchi.h" />
		<Unit filename="include/object.h" />
		<Unit filename="include/ozherelye.h" />
		<Unit filename="include/plasch.h" />
		<Unit filename="include/poyas.h" />
		<Unit filename="include/refine.h" />
		<Unit filename="include/ring.h" />
		<Unit filename="include/sapogi.h" />
		<Unit filename="include/shlem.h" />
		<Unit filename="include/weapon.h" />
		<Unit filename="main.cpp" />
		<Unit filename="src/bridgy.cpp" />
		<Unit filename="src/kuznitsa.cpp" />
		<Unit filename="src/matematika.cpp" />
		<Unit filename="src/nakidka.cpp" />
		<Unit filename="src/naruchi.cpp" />
		<Unit filename="src/object.cpp" />
		<Unit filename="src/ozherelye.cpp" />
		<Unit filename="src/plasch.cpp" />
		<Unit filename="src/poyas.cpp" />
		<Unit filename="src/refine.cpp" />
		<Unit filename="src/ring.cpp" />
		<Unit filename="src/sapogi.cpp" />
		<Unit filename="src/shlem.cpp" />
		<Unit filename="src/weapon.cpp" />
		<Extensions>
			<code_completion />
			<envvars />
			<lib_finder disable_auto="1" />
			<debugger />
			<DoxyBlocks>
				<comment_style block="0" line="0" />
				<doxyfile_project />
				<doxyfile_build />
				<doxyfile_warnings />
				<doxyfile_output />
				<doxyfile_dot />
				<general />
			</DoxyBlocks>
		</Extensions>
	</Project>
</CodeBlocks_project_file>
